
Microsoft Visual Studio Solution File, Format Version 12.00
# Visual Studio 15
VisualStudioVersion = 15.0.28307.1022
MinimumVisualStudioVersion = 10.0.40219.1
Project("{FAE04EC0-301F-11D3-BF4B-00C04F79EFBC}") = "Factory_DesignPattern", "Factory_DesignPattern\Factory_DesignPattern.csproj", "{F5767B68-3B68-41CF-AB48-95343F531915}"
EndProject
Global
	GlobalSection(SolutionConfigurationPlatforms) = preSolution
		Debug|Any CPU = Debug|Any CPU
		Release|Any CPU = Release|Any CPU
	EndGlobalSection
	GlobalSection(ProjectConfigurationPlatforms) = postSolution
		{F5767B68-3B68-41CF-AB48-95343F531915}.Debug|Any CPU.ActiveCfg = Debug|Any CPU
		{F5767B68-3B68-41CF-AB48-95343F531915}.Debug|Any CPU.Build.0 = Debug|Any CPU
		{F5767B68-3B68-41CF-AB48-95343F531915}.Release|Any CPU.ActiveCfg = Release|Any CPU
		{F5767B68-3B68-41CF-AB48-95343F531915}.Release|Any CPU.Build.0 = Release|Any CPU
	EndGlobalSection
	GlobalSection(SolutionProperties) = preSolution
		HideSolutionNode = FALSE
	EndGlobalSection
	GlobalSection(ExtensibilityGlobals) = postSolution
		SolutionGuid = {11C0F45D-9924-4982-9BA9-0937286F0A16}
	EndGlobalSection
EndGlobal
